
Microsoft Visual Studio Solution File, Format Version 12.00
# Visual Studio 15
VisualStudioVersion = 15.0.28307.1082
MinimumVisualStudioVersion = 10.0.40219.1
Project("{FAE04EC0-301F-11D3-BF4B-00C04F79EFBC}") = "MonoviMvcProje", "MonoviMvcProje\MonoviMvcProje.csproj", "{9C3C7CFA-1C32-404E-8128-E8D105F20E74}"
EndProject
Global
	GlobalSection(SolutionConfigurationPlatforms) = preSolution
		Debug|Any CPU = Debug|Any CPU
		Release|Any CPU = Release|Any CPU
	EndGlobalSection
	GlobalSection(ProjectConfigurationPlatforms) = postSolution
		{9C3C7CFA-1C32-404E-8128-E8D105F20E74}.Debug|Any CPU.ActiveCfg = Debug|Any CPU
		{9C3C7CFA-1C32-404E-8128-E8D105F20E74}.Debug|Any CPU.Build.0 = Debug|Any CPU
		{9C3C7CFA-1C32-404E-8128-E8D105F20E74}.Release|Any CPU.ActiveCfg = Release|Any CPU
		{9C3C7CFA-1C32-404E-8128-E8D105F20E74}.Release|Any CPU.Build.0 = Release|Any CPU
	EndGlobalSection
	GlobalSection(SolutionProperties) = preSolution
		HideSolutionNode = FALSE
	EndGlobalSection
	GlobalSection(ExtensibilityGlobals) = postSolution
		SolutionGuid = {F795C758-EE21-4034-864A-B80186E404F0}
	EndGlobalSection
EndGlobal
